{
  "pins" : [
    {
      "identity" : "swift-argument-parser",
      "kind" : "remoteSourceControl",
      "location" : "https://github.com/apple/swift-argument-parser",
      "state" : {
        "revision" : "0fbc8848e389af3bb55c182bc19ca9d5dc2f255b",
        "version" : "1.4.0"
      }
    },
    {
      "identity" : "swift-syntax",
      "kind" : "remoteSourceControl",
      "location" : "https://github.com/apple/swift-syntax.git",
      "state" : {
        "revision" : "64889f0c732f210a935a0ad7cda38f77f876262d",
        "version" : "509.1.1"
      }
    },
    {
      "identity" : "swiftgraph",
      "kind" : "remoteSourceControl",
      "location" : "https://github.com/davecom/SwiftGraph",
      "state" : {
        "revision" : "76b5180a5cc32eda7f5236a756f4c1e0936311c6",
        "version" : "3.1.0"
      }
    },
    {
      "identity" : "yams",
      "kind" : "remoteSourceControl",
      "location" : "https://github.com/jpsim/Yams.git",
      "state" : {
        "revision" : "9234124cff5e22e178988c18d8b95a8ae8007f76",
        "version" : "5.1.2"
      }
    }
  ],
  "version" : 2
}
